<?xml version="1.0" encoding="UTF-8"?>
<CONFIG>
  <ProjectOptions>
    <Version Value="9"/>
    <PathDelim Value="\"/>
    <General>
      <Flags>
        <SaveOnlyProjectUnits Value="True"/>
      </Flags>
      <SessionStorage Value="InProjectDir"/>
      <MainUnit Value="0"/>
      <AutoCreateForms Value="False"/>
      <Title Value="LazEmuteca"/>
      <ResourceType Value="res"/>
      <UseXPManifest Value="True"/>
      <Icon Value="0"/>
    </General>
    <i18n>
      <EnableI18N Value="True"/>
      <OutDir Value="bin\locale"/>
    </i18n>
    <VersionInfo>
      <UseVersionInfo Value="True"/>
      <AutoIncrementBuild Value="True"/>
      <MinorVersionNr Value="8"/>
      <BuildNr Value="93"/>
      <StringTable ProductVersion=""/>
    </VersionInfo>
    <BuildModes Count="2">
      <Item1 Name="Debug" Default="True"/>
      <Item2 Name="Release">
        <CompilerOptions>
          <Version Value="11"/>
          <PathDelim Value="\"/>
          <Target>
            <Filename Value="bin\$NameOnly($(ProjFile))-$(BuildMode)-$(TargetCPU)-$(TargetOS)"/>
          </Target>
          <SearchPaths>
            <IncludeFiles Value="$(ProjOutDir)"/>
            <OtherUnitFiles Value="..\CHXPas;..\CHXPas\Classes;..\CHXPas\Forms;..\CHXPas\Forms\ScriptManager;..\CHXPas\Frames;..\CHXPas\Misc;..\EmutecaCore;..\EmutecaCore\Abstracts;..\EmutecaCore\Classes;..\EmutecaCore\Frames;..\EmutecaCore\Generics;..\EmutecaCore\Interfaces;..\EmutecaCore\Units;source;source\forms;..\EmutecaCore\PasScr;source\forms\ScriptMng;source\frames"/>
            <UnitOutputDirectory Value="lib\$(TargetCPU)-$(TargetOS)"/>
          </SearchPaths>
          <CodeGeneration>
            <SmartLinkUnit Value="True"/>
            <Optimizations>
              <OptimizationLevel Value="3"/>
            </Optimizations>
          </CodeGeneration>
          <Linking>
            <Debugging>
              <GenerateDebugInfo Value="False"/>
            </Debugging>
            <LinkSmart Value="True"/>
            <Options>
              <Win32>
                <GraphicApplication Value="True"/>
              </Win32>
            </Options>
          </Linking>
          <Other>
            <CustomOptions Value="-FcUTF8"/>
          </Other>
        </CompilerOptions>
      </Item2>
      <SharedMatrixOptions Count="1">
        <Item1 ID="642066684418" Modes="Debug,Release" Value="-dEnableUTF8RTL"/>
      </SharedMatrixOptions>
    </BuildModes>
    <PublishOptions>
      <Version Value="2"/>
    </PublishOptions>
    <RunParams>
      <local>
        <FormatVersion Value="1"/>
      </local>
    </RunParams>
    <RequiredPackages Count="6">
      <Item1>
        <PackageName Value="pl_virtualtrees"/>
      </Item1>
      <Item2>
        <PackageName Value="pl_pascalscript"/>
      </Item2>
      <Item3>
        <PackageName Value="bs_SynEdit"/>
      </Item3>
      <Item4>
        <PackageName Value="lz_rtticontrols"/>
      </Item4>
      <Item5>
        <PackageName Value="bs_Controls"/>
      </Item5>
      <Item6>
        <PackageName Value="LCL"/>
      </Item6>
    </RequiredPackages>
    <Units Count="79">
      <Unit0>
        <Filename Value="LazEmuteca.lpr"/>
        <IsPartOfProject Value="True"/>
      </Unit0>
      <Unit1>
        <Filename Value="source\forms\ufEmutecaMain.pas"/>
        <IsPartOfProject Value="True"/>
        <ComponentName Value="frmEmutecaMain"/>
        <HasResources Value="True"/>
        <ResourceBaseClass Value="Form"/>
      </Unit1>
      <Unit2>
        <Filename Value="..\EmutecaCore\ucEmuteca.pas"/>
        <IsPartOfProject Value="True"/>
      </Unit2>
      <Unit3>
        <Filename Value="..\EmutecaCore\Classes\ucEmutecaParent.pas"/>
        <IsPartOfProject Value="True"/>
      </Unit3>
      <Unit4>
        <Filename Value="..\EmutecaCore\Classes\ucEmutecaConfig.pas"/>
        <IsPartOfProject Value="True"/>
      </Unit4>
      <Unit5>
        <Filename Value="..\EmutecaCore\Classes\ucEmutecaGameTag.pas"/>
        <IsPartOfProject Value="True"/>
      </Unit5>
      <Unit6>
        <Filename Value="..\EmutecaCore\Classes\ucEmutecaTagsManager.pas"/>
        <IsPartOfProject Value="True"/>
      </Unit6>
      <Unit7>
        <Filename Value="..\EmutecaCore\Frames\ufEmutecaParentList.pas"/>
        <IsPartOfProject Value="True"/>
        <ComponentName Value="fmEmutecaParentList"/>
        <HasResources Value="True"/>
        <ResourceBaseClass Value="Frame"/>
      </Unit7>
      <Unit8>
        <Filename Value="..\EmutecaCore\Frames\ufEmutecaSystemPanel.pas"/>
        <IsPartOfProject Value="True"/>
        <ComponentName Value="fmEmutecaSystemPanel"/>
        <HasResources Value="True"/>
        <ResourceBaseClass Value="Frame"/>
      </Unit8>
      <Unit9>
        <Filename Value="resources\Dev Docs\DevNotes.txt"/>
        <IsPartOfProject Value="True"/>
      </Unit9>
      <Unit10>
        <Filename Value="resources\Dev Docs\Tags.txt"/>
        <IsPartOfProject Value="True"/>
      </Unit10>
      <Unit11>
        <Filename Value="resources\Dev Docs\Whislist.txt"/>
        <IsPartOfProject Value="True"/>
      </Unit11>
      <Unit12>
        <Filename Value="..\EmutecaCore\Classes\ucEmutecaEmulatorManager.pas"/>
        <IsPartOfProject Value="True"/>
      </Unit12>
      <Unit13>
        <Filename Value="..\EmutecaCore\Classes\ucEmutecaParentManager.pas"/>
        <IsPartOfProject Value="True"/>
      </Unit13>
      <Unit14>
        <Filename Value="..\EmutecaCore\Classes\ucEmutecaSystemManager.pas"/>
        <IsPartOfProject Value="True"/>
      </Unit14>
      <Unit15>
        <Filename Value="..\EmutecaCore\Classes\ucEmutecaEmulator.pas"/>
        <IsPartOfProject Value="True"/>
      </Unit15>
      <Unit16>
        <Filename Value="..\EmutecaCore\Frames\ufEmutecaSoftList.pas"/>
        <IsPartOfProject Value="True"/>
        <ComponentName Value="fmEmutecaSoftList"/>
        <HasResources Value="True"/>
        <ResourceBaseClass Value="Frame"/>
      </Unit16>
      <Unit17>
        <Filename Value="..\EmutecaCore\Classes\ucEmutecaSoftware.pas"/>
        <IsPartOfProject Value="True"/>
      </Unit17>
      <Unit18>
        <Filename Value="..\EmutecaCore\Classes\ucEmutecaSystem.pas"/>
        <IsPartOfProject Value="True"/>
      </Unit18>
      <Unit19>
        <Filename Value="..\EmutecaCore\Classes\ucEmutecaPlayingStats.pas"/>
        <IsPartOfProject Value="True"/>
      </Unit19>
      <Unit20>
        <Filename Value="..\EmutecaCore\Units\uEmutecaUserInfo.pas"/>
        <IsPartOfProject Value="True"/>
      </Unit20>
      <Unit21>
        <Filename Value="..\EmutecaCore\Units\uEmutecaCommon.pas"/>
        <IsPartOfProject Value="True"/>
      </Unit21>
      <Unit22>
        <Filename Value="..\EmutecaCore\Generics\ugEmutecaManager.pas"/>
        <IsPartOfProject Value="True"/>
      </Unit22>
      <Unit23>
        <Filename Value="..\EmutecaCore\Generics\ugEmutecaPersList.pas"/>
        <IsPartOfProject Value="True"/>
      </Unit23>
      <Unit24>
        <Filename Value="source\forms\ufEmutecaScriptManager.pas"/>
        <IsPartOfProject Value="True"/>
        <ComponentName Value="frmEmutecaScriptManager"/>
        <HasResources Value="True"/>
        <ResourceBaseClass Value="Form"/>
      </Unit24>
      <Unit25>
        <Filename Value="..\EmutecaCore\Classes\ucEmutecaSoftManager.pas"/>
        <IsPartOfProject Value="True"/>
      </Unit25>
      <Unit26>
        <Filename Value="..\EmutecaCore\Frames\ufEmutecaActAddSoft.pas"/>
        <IsPartOfProject Value="True"/>
        <ComponentName Value="fmActAddSoft"/>
        <HasResources Value="True"/>
        <ResourceBaseClass Value="Frame"/>
      </Unit26>
      <Unit27>
        <Filename Value="source\uGUIConfig.pas"/>
        <IsPartOfProject Value="True"/>
      </Unit27>
      <Unit28>
        <Filename Value="..\CHXPas\Abstract\uaCHXStorable.pas"/>
        <IsPartOfProject Value="True"/>
      </Unit28>
      <Unit29>
        <Filename Value="..\EmutecaCore\Abstracts\uaEmutecaManager.pas"/>
        <IsPartOfProject Value="True"/>
      </Unit29>
      <Unit30>
        <Filename Value="..\CHXPas\Forms\ufCHXAbout.pas"/>
        <IsPartOfProject Value="True"/>
        <HasResources Value="True"/>
      </Unit30>
      <Unit31>
        <Filename Value="..\CHXPas\Forms\ufCHXProgressBar.pas"/>
        <IsPartOfProject Value="True"/>
        <ComponentName Value="frmCHXProgressBar"/>
        <HasResources Value="True"/>
        <ResourceBaseClass Value="Form"/>
      </Unit31>
      <Unit32>
        <Filename Value="..\CHXPas\Forms\ScriptManager\ufCHXScriptManager.pas"/>
        <IsPartOfProject Value="True"/>
        <ComponentName Value="frmCHXScriptManager"/>
        <HasResources Value="True"/>
        <ResourceBaseClass Value="Form"/>
      </Unit32>
      <Unit33>
        <Filename Value="..\CHXPas\Forms\ScriptManager\ufSMAskFile.pas"/>
        <IsPartOfProject Value="True"/>
        <HasResources Value="True"/>
      </Unit33>
      <Unit34>
        <Filename Value="..\CHXPas\Forms\ScriptManager\ufSMAskFolder.pas"/>
        <IsPartOfProject Value="True"/>
        <HasResources Value="True"/>
      </Unit34>
      <Unit35>
        <Filename Value="..\CHXPas\Frames\ufTagTree.pas"/>
        <IsPartOfProject Value="True"/>
        <HasResources Value="True"/>
      </Unit35>
      <Unit36>
        <Filename Value="..\CHXPas\Misc\uVersionSupport.pas"/>
        <IsPartOfProject Value="True"/>
      </Unit36>
      <Unit37>
        <Filename Value="..\CHXPas\u7zWrapper.pas"/>
        <IsPartOfProject Value="True"/>
      </Unit37>
      <Unit38>
        <Filename Value="..\CHXPas\uCHXConst.pas"/>
        <IsPartOfProject Value="True"/>
      </Unit38>
      <Unit39>
        <Filename Value="..\CHXPas\uCHXFileUtils.pas"/>
        <IsPartOfProject Value="True"/>
      </Unit39>
      <Unit40>
        <Filename Value="..\CHXPas\uCHXImageUtils.pas"/>
        <IsPartOfProject Value="True"/>
      </Unit40>
      <Unit41>
        <Filename Value="..\CHXPas\uCHXRscStr.pas"/>
        <IsPartOfProject Value="True"/>
      </Unit41>
      <Unit42>
        <Filename Value="..\CHXPas\uCHXStrUtils.pas"/>
        <IsPartOfProject Value="True"/>
      </Unit42>
      <Unit43>
        <Filename Value="..\EmutecaCore\Frames\ufEmutecaSystemImgEditor.pas"/>
        <IsPartOfProject Value="True"/>
        <ComponentName Value="fmSystemInfoEditor"/>
        <HasResources Value="True"/>
        <ResourceBaseClass Value="Frame"/>
      </Unit43>
      <Unit44>
        <Filename Value="..\EmutecaCore\Frames\ufEmutecaActAddFolder.pas"/>
        <IsPartOfProject Value="True"/>
        <ComponentName Value="fmEmutecaActAddFolder"/>
        <HasResources Value="True"/>
        <ResourceBaseClass Value="Frame"/>
      </Unit44>
      <Unit45>
        <Filename Value="..\CHXPas\Forms\ScriptManager\ucCHXScriptEngine.pas"/>
        <IsPartOfProject Value="True"/>
      </Unit45>
      <Unit46>
        <Filename Value="..\CHXPas\Forms\ufCHXImageViewer.pas"/>
        <IsPartOfProject Value="True"/>
        <ComponentName Value="frmCHXImageViewer"/>
        <HasResources Value="True"/>
        <ResourceBaseClass Value="Form"/>
      </Unit46>
      <Unit47>
        <Filename Value="..\EmutecaCore\Classes\ucEmutecaScriptEngine.pas"/>
        <IsPartOfProject Value="True"/>
      </Unit47>
      <Unit48>
        <Filename Value="..\EmutecaCore\PasScr\uPSI_ucEmutecaEmulator.pas"/>
        <IsPartOfProject Value="True"/>
      </Unit48>
      <Unit49>
        <Filename Value="..\EmutecaCore\PasScr\uPSI_ucEmutecaParent.pas"/>
        <IsPartOfProject Value="True"/>
      </Unit49>
      <Unit50>
        <Filename Value="..\EmutecaCore\PasScr\uPSI_ucEmutecaSoftware.pas"/>
        <IsPartOfProject Value="True"/>
      </Unit50>
      <Unit51>
        <Filename Value="..\EmutecaCore\PasScr\uPSI_ucEmutecaSystem.pas"/>
        <IsPartOfProject Value="True"/>
      </Unit51>
      <Unit52>
        <Filename Value="..\EmutecaCore\PasScr\uPSI_ucEmutecaEmulatorManager.pas"/>
        <IsPartOfProject Value="True"/>
      </Unit52>
      <Unit53>
        <Filename Value="..\EmutecaCore\PasScr\uPSI_ucEmutecaParentManager.pas"/>
        <IsPartOfProject Value="True"/>
      </Unit53>
      <Unit54>
        <Filename Value="..\EmutecaCore\PasScr\uPSI_ucEmutecaSoftManager.pas"/>
        <IsPartOfProject Value="True"/>
      </Unit54>
      <Unit55>
        <Filename Value="..\EmutecaCore\PasScr\uPSI_ucEmutecaSystemManager.pas"/>
        <IsPartOfProject Value="True"/>
      </Unit55>
      <Unit56>
        <Filename Value="..\CHXPas\Forms\ScriptManager\uPSI_u7zWrapper.pas"/>
        <IsPartOfProject Value="True"/>
      </Unit56>
      <Unit57>
        <Filename Value="..\EmutecaCore\PasScr\uPSI_ucEmuteca.pas"/>
        <IsPartOfProject Value="True"/>
      </Unit57>
      <Unit58>
        <Filename Value="..\EmutecaCore\PasScr\uPSI_ucEmutecaConfig.pas"/>
        <IsPartOfProject Value="True"/>
      </Unit58>
      <Unit59>
        <Filename Value="..\EmutecaCore\PasScr\uPSI_uaEmutecaManager.pas"/>
        <IsPartOfProject Value="True"/>
      </Unit59>
      <Unit60>
        <Filename Value="..\EmutecaCore\PasScr\uPSI_uaEmutecaStorable.pas"/>
        <IsPartOfProject Value="True"/>
      </Unit60>
      <Unit61>
        <Filename Value="source\forms\ScriptMng\ufESMSoftList.pas"/>
        <IsPartOfProject Value="True"/>
        <ComponentName Value="frmESMSoftList"/>
        <HasResources Value="True"/>
        <ResourceBaseClass Value="Form"/>
      </Unit61>
      <Unit62>
        <Filename Value="..\EmutecaCore\Frames\ufEmutecaSystemCBX.pas"/>
        <IsPartOfProject Value="True"/>
        <ComponentName Value="fmEmutecaSystemCBX"/>
        <HasResources Value="True"/>
        <ResourceBaseClass Value="Frame"/>
      </Unit62>
      <Unit63>
        <Filename Value="..\EmutecaCore\PasScr\uPSI_uEmutecaCommon.pas"/>
        <IsPartOfProject Value="True"/>
      </Unit63>
      <Unit64>
        <Filename Value="source\forms\ScriptMng\ufESMParentList.pas"/>
        <IsPartOfProject Value="True"/>
        <ComponentName Value="Form1"/>
        <HasResources Value="True"/>
        <ResourceBaseClass Value="Form"/>
      </Unit64>
      <Unit65>
        <Filename Value="source\frames\ufEmutecaChkSoftList.pas"/>
        <IsPartOfProject Value="True"/>
        <ComponentName Value="fmEmutecaChkSoftList"/>
        <HasResources Value="True"/>
        <ResourceBaseClass Value="Frame"/>
      </Unit65>
      <Unit66>
        <Filename Value="..\EmutecaCore\Frames\ufEmutecaParentCBX.pas"/>
        <IsPartOfProject Value="True"/>
        <ComponentName Value="fmEmutecaParentCBX"/>
        <HasResources Value="True"/>
        <ResourceBaseClass Value="Frame"/>
      </Unit66>
      <Unit67>
        <Filename Value="source\frames\ufEmutecaIcnSoftList.pas"/>
        <IsPartOfProject Value="True"/>
        <ComponentName Value="fmEmutecaIcnSoftList"/>
        <HasResources Value="True"/>
        <ResourceBaseClass Value="Frame"/>
      </Unit67>
      <Unit68>
        <Filename Value="..\CHXPas\Classes\ucCHXImageList.pas"/>
        <IsPartOfProject Value="True"/>
      </Unit68>
      <Unit69>
        <Filename Value="..\CHXPas\Frames\ufCHXPropEditor.pas"/>
        <IsPartOfProject Value="True"/>
        <ComponentName Value="fmCHXPropEditor"/>
        <HasResources Value="True"/>
        <ResourceBaseClass Value="Frame"/>
      </Unit69>
      <Unit70>
        <Filename Value="..\EmutecaCore\Frames\ufEmutecaSystemEditor.pas"/>
        <IsPartOfProject Value="True"/>
        <ComponentName Value="fmEmutecaSystemEditor"/>
        <HasResources Value="True"/>
        <ResourceBaseClass Value="Frame"/>
      </Unit70>
      <Unit71>
        <Filename Value="source\frames\ufLEmuTKFullSystemEditor.pas"/>
        <IsPartOfProject Value="True"/>
        <ComponentName Value="fmLEmuTKFullSystemEditor"/>
        <HasResources Value="True"/>
        <ResourceBaseClass Value="Frame"/>
      </Unit71>
      <Unit72>
        <Filename Value="..\CHXPas\Frames\ufCHXChkLstPropEditor.pas"/>
        <IsPartOfProject Value="True"/>
        <ComponentName Value="fmCHXChkLstPropEditor"/>
        <HasResources Value="True"/>
        <ResourceBaseClass Value="Frame"/>
      </Unit72>
      <Unit73>
        <Filename Value="source\frames\ufLEmuTKSysManager.pas"/>
        <IsPartOfProject Value="True"/>
        <ComponentName Value="fmLEmuTKSysManager"/>
        <HasResources Value="True"/>
        <ResourceBaseClass Value="Frame"/>
      </Unit73>
      <Unit74>
        <Filename Value="source\frames\ufLEmuTKEmuManager.pas"/>
        <IsPartOfProject Value="True"/>
        <ComponentName Value="fmLEmuTKEmuManager"/>
        <HasResources Value="True"/>
        <ResourceBaseClass Value="Frame"/>
      </Unit74>
      <Unit75>
        <Filename Value="..\EmutecaCore\Frames\ufEmutecaSoftEditor.pas"/>
        <IsPartOfProject Value="True"/>
        <ComponentName Value="fmEmutecaSoftEditor"/>
        <HasResources Value="True"/>
        <ResourceBaseClass Value="Frame"/>
      </Unit75>
      <Unit76>
        <Filename Value="source\frames\ufLEmuTKFullEmuEditor.pas"/>
        <IsPartOfProject Value="True"/>
        <ComponentName Value="fmLEmuTKFullEmuEditor"/>
        <HasResources Value="True"/>
        <ResourceBaseClass Value="Frame"/>
      </Unit76>
      <Unit77>
        <Filename Value="..\EmutecaCore\Frames\ufEmutecaEmulatorEditor.pas"/>
        <IsPartOfProject Value="True"/>
        <ComponentName Value="fmEmutecaEmulatorEditor"/>
        <HasResources Value="True"/>
        <ResourceBaseClass Value="Frame"/>
      </Unit77>
      <Unit78>
        <Filename Value="source\frames\ufLEmuTKSoftMedia.pas"/>
        <IsPartOfProject Value="True"/>
        <ComponentName Value="fmLEmuTKSoftMedia"/>
        <ResourceBaseClass Value="Frame"/>
      </Unit78>
    </Units>
  </ProjectOptions>
  <CompilerOptions>
    <Version Value="11"/>
    <PathDelim Value="\"/>
    <Target>
      <Filename Value="bin\$NameOnly($(ProjFile))-$(BuildMode)-$(TargetCPU)-$(TargetOS)"/>
    </Target>
    <SearchPaths>
      <IncludeFiles Value="$(ProjOutDir)"/>
      <OtherUnitFiles Value="..\CHXPas;..\CHXPas\Classes;..\CHXPas\Forms;..\CHXPas\Forms\ScriptManager;..\CHXPas\Frames;..\CHXPas\Misc;..\EmutecaCore;..\EmutecaCore\Abstracts;..\EmutecaCore\Classes;..\EmutecaCore\Frames;..\EmutecaCore\Generics;..\EmutecaCore\Interfaces;..\EmutecaCore\Units;source;source\forms;..\EmutecaCore\PasScr;source\forms\ScriptMng;source\frames;..\CHXPas\Abstract"/>
      <UnitOutputDirectory Value="lib\$(TargetCPU)-$(TargetOS)"/>
    </SearchPaths>
    <Parsing>
      <SyntaxOptions>
        <IncludeAssertionCode Value="True"/>
      </SyntaxOptions>
    </Parsing>
    <CodeGeneration>
      <Checks>
        <IOChecks Value="True"/>
        <RangeChecks Value="True"/>
        <OverflowChecks Value="True"/>
        <StackChecks Value="True"/>
      </Checks>
    </CodeGeneration>
    <Linking>
      <Debugging>
        <DebugInfoType Value="dsDwarf2Set"/>
        <UseHeaptrc Value="True"/>
        <UseExternalDbgSyms Value="True"/>
      </Debugging>
      <Options>
        <Win32>
          <GraphicApplication Value="True"/>
        </Win32>
      </Options>
    </Linking>
    <Other>
      <CustomOptions Value="-FcUTF8"/>
    </Other>
  </CompilerOptions>
  <Debugging>
    <Exceptions Count="3">
      <Item1>
        <Name Value="EAbort"/>
      </Item1>
      <Item2>
        <Name Value="ECodetoolError"/>
      </Item2>
      <Item3>
        <Name Value="EFOpenError"/>
      </Item3>
    </Exceptions>
  </Debugging>
</CONFIG>
