<?xml version="1.0" encoding="UTF-8"?>
<CONFIG>
  <ProjectOptions>
    <Version Value="12"/>
    <PathDelim Value="\"/>
    <General>
      <Flags>
        <SaveOnlyProjectUnits Value="True"/>
      </Flags>
      <SessionStorage Value="InProjectDir"/>
      <AutoCreateForms Value="False"/>
      <Title Value="Emuteca GUI"/>
      <ResourceType Value="res"/>
      <UseXPManifest Value="True"/>
      <XPManifest>
        <DpiAware Value="True/PM_V2"/>
        <LongPathAware Value="True"/>
        <AnsiUTF8 Value="True"/>
        <TextName Value="Chixpy.Emuteca.EmutecaEditorGUI"/>
        <TextDesc Value="Emulator Frontend"/>
      </XPManifest>
      <Icon Value="0"/>
    </General>
    <i18n>
      <EnableI18N Value="True"/>
      <OutDir Value="..\bin\locale"/>
    </i18n>
    <VersionInfo>
      <UseVersionInfo Value="True"/>
      <AutoIncrementBuild Value="True"/>
      <MinorVersionNr Value="8"/>
      <BuildNr Value="154"/>
      <Attributes pvaPreRelease="True"/>
      <StringTable Comments="Emuteca database editor" InternalName="EmutecaEditorGUI" LegalCopyright="Chixpy" ProductVersion="0.8.0"/>
    </VersionInfo>
    <BuildModes>
      <Item Name="Debug" Default="True"/>
      <Item Name="Release">
        <CompilerOptions>
          <Version Value="11"/>
          <PathDelim Value="\"/>
          <Target>
            <Filename Value="..\bin\$(TargetCPU)-$(TargetOS)\EmutecaGUI"/>
          </Target>
          <SearchPaths>
            <IncludeFiles Value="$(ProjOutDir)"/>
            <OtherUnitFiles Value="..\CHXPas\Abstract;..\CHXPas\Classes;..\CHXPas\Forms;..\CHXPas\Frames;..\CHXPas\ScriptManager;..\CHXPas\ScriptManager\Frames;..\CHXPas\ScriptManager\Imports;..\CHXPas\Units;..\EmutecaCore;..\EmutecaCore\Abstracts;..\EmutecaCore\Classes;..\EmutecaCore\Frames;..\EmutecaCore\ScriptMng;..\EmutecaCore\Threads;..\EmutecaCore\Units;Source\Forms;Source\Threads;Source\Units;Source\Classes;Source\Frames;Source\Abstracts;Source\Units\ScriptMng;Source\Units\ScriptMng\Frames"/>
            <UnitOutputDirectory Value="..\lib\$(TargetCPU)-$(TargetOS)"/>
          </SearchPaths>
          <CodeGeneration>
            <SmartLinkUnit Value="True"/>
            <Optimizations>
              <OptimizationLevel Value="3"/>
            </Optimizations>
          </CodeGeneration>
          <Linking>
            <Debugging>
              <GenerateDebugInfo Value="False"/>
              <RunWithoutDebug Value="True"/>
              <DebugInfoType Value="dsDwarf3"/>
            </Debugging>
            <LinkSmart Value="True"/>
            <Options>
              <Win32>
                <GraphicApplication Value="True"/>
              </Win32>
            </Options>
          </Linking>
          <Other>
            <CompilerMessages>
              <IgnoredMessages idx6058="True" idx3124="True" idx3123="True"/>
            </CompilerMessages>
            <CustomOptions Value="-FcUTF8
-dPS_USESSUPPORT"/>
            <OtherDefines Count="1">
              <Define0 Value="PS_USESSUPPORT"/>
            </OtherDefines>
          </Other>
        </CompilerOptions>
      </Item>
    </BuildModes>
    <PublishOptions>
      <Version Value="2"/>
    </PublishOptions>
    <RunParams>
      <FormatVersion Value="2"/>
      <Modes>
        <Mode Name="default"/>
      </Modes>
    </RunParams>
    <RequiredPackages>
      <Item>
        <PackageName Value="virtualtreeview_package"/>
      </Item>
      <Item>
        <PackageName Value="pascalscript"/>
      </Item>
      <Item>
        <PackageName Value="SynEdit"/>
      </Item>
      <Item>
        <PackageName Value="lazcontrols"/>
      </Item>
      <Item>
        <PackageName Value="LCL"/>
      </Item>
    </RequiredPackages>
    <Units>
      <Unit>
        <Filename Value="EmutecaGUI.pas"/>
        <IsPartOfProject Value="True"/>
      </Unit>
      <Unit>
        <Filename Value="..\EmutecaCore\ucEmuteca.pas"/>
        <IsPartOfProject Value="True"/>
      </Unit>
      <Unit>
        <Filename Value="..\EmutecaCore\Classes\ucEmutecaGroup.pas"/>
        <IsPartOfProject Value="True"/>
      </Unit>
      <Unit>
        <Filename Value="..\EmutecaCore\Classes\ucEmutecaConfig.pas"/>
        <IsPartOfProject Value="True"/>
      </Unit>
      <Unit>
        <Filename Value="..\EmutecaCore\Classes\ucEmutecaGameTag.pas"/>
        <IsPartOfProject Value="True"/>
      </Unit>
      <Unit>
        <Filename Value="..\EmutecaCore\Classes\ucEmutecaTagsManager.pas"/>
        <IsPartOfProject Value="True"/>
      </Unit>
      <Unit>
        <Filename Value="..\EmutecaCore\Classes\ucEmutecaEmulatorManager.pas"/>
        <IsPartOfProject Value="True"/>
      </Unit>
      <Unit>
        <Filename Value="..\EmutecaCore\Classes\ucEmutecaGroupManager.pas"/>
        <IsPartOfProject Value="True"/>
      </Unit>
      <Unit>
        <Filename Value="..\EmutecaCore\Classes\ucEmutecaSystemManager.pas"/>
        <IsPartOfProject Value="True"/>
      </Unit>
      <Unit>
        <Filename Value="..\EmutecaCore\Classes\ucEmutecaEmulator.pas"/>
        <IsPartOfProject Value="True"/>
      </Unit>
      <Unit>
        <Filename Value="..\EmutecaCore\Classes\ucEmutecaSoftware.pas"/>
        <IsPartOfProject Value="True"/>
      </Unit>
      <Unit>
        <Filename Value="..\EmutecaCore\Classes\ucEmutecaSystem.pas"/>
        <IsPartOfProject Value="True"/>
      </Unit>
      <Unit>
        <Filename Value="..\EmutecaCore\Classes\ucEmutecaPlayingStats.pas"/>
        <IsPartOfProject Value="True"/>
      </Unit>
      <Unit>
        <Filename Value="..\EmutecaCore\Units\uEmutecaCommon.pas"/>
        <IsPartOfProject Value="True"/>
      </Unit>
      <Unit>
        <Filename Value="..\EmutecaCore\Classes\ucEmutecaSoftManager.pas"/>
        <IsPartOfProject Value="True"/>
      </Unit>
      <Unit>
        <Filename Value="Source\Classes\ucETKGUIConfig.pas"/>
        <IsPartOfProject Value="True"/>
      </Unit>
      <Unit>
        <Filename Value="..\CHXPas\Abstract\uaCHXStorable.pas"/>
        <IsPartOfProject Value="True"/>
      </Unit>
      <Unit>
        <Filename Value="..\CHXPas\Units\uCHXFileUtils.pas"/>
        <IsPartOfProject Value="True"/>
      </Unit>
      <Unit>
        <Filename Value="..\CHXPas\Units\uCHXStrUtils.pas"/>
        <IsPartOfProject Value="True"/>
      </Unit>
      <Unit>
        <Filename Value="..\EmutecaCore\Frames\ufEmutecaSystemImgEditor.pas"/>
        <IsPartOfProject Value="True"/>
        <ComponentName Value="fmEmutecaSystemImgEditor"/>
        <HasResources Value="True"/>
        <ResourceBaseClass Value="Frame"/>
      </Unit>
      <Unit>
        <Filename Value="..\CHXPas\ScriptManager\ucCHXScriptEngine.pas"/>
        <IsPartOfProject Value="True"/>
      </Unit>
      <Unit>
        <Filename Value="..\EmutecaCore\Classes\ucEmutecaScriptEngine.pas"/>
        <IsPartOfProject Value="True"/>
      </Unit>
      <Unit>
        <Filename Value="..\CHXPas\ScriptManager\imports\uPSI_u7zWrapper.pas"/>
        <IsPartOfProject Value="True"/>
      </Unit>
      <Unit>
        <Filename Value="..\CHXPas\Classes\ucCHXImageList.pas"/>
        <IsPartOfProject Value="True"/>
      </Unit>
      <Unit>
        <Filename Value="..\EmutecaCore\Frames\ufEmutecaSystemEditor.pas"/>
        <IsPartOfProject Value="True"/>
        <ComponentName Value="fmEmutecaSystemEditor"/>
        <HasResources Value="True"/>
        <ResourceBaseClass Value="Frame"/>
      </Unit>
      <Unit>
        <Filename Value="Source\Frames\ufETKGUIFullSysEditor.pas"/>
        <IsPartOfProject Value="True"/>
        <ComponentName Value="fmETKGUIFullSystemEditor"/>
        <HasResources Value="True"/>
        <ResourceBaseClass Value="Frame"/>
      </Unit>
      <Unit>
        <Filename Value="..\CHXPas\Frames\ufCHXChkLstPropEditor.pas"/>
        <IsPartOfProject Value="True"/>
        <ComponentName Value="fmCHXChkLstPropEditor"/>
        <HasResources Value="True"/>
        <ResourceBaseClass Value="Frame"/>
      </Unit>
      <Unit>
        <Filename Value="Source\Frames\ufETKGUISysManager.pas"/>
        <IsPartOfProject Value="True"/>
        <ComponentName Value="fmETKGUISysManager"/>
        <HasResources Value="True"/>
        <ResourceBaseClass Value="Frame"/>
      </Unit>
      <Unit>
        <Filename Value="Source\Frames\ufETKGUIEmuManager.pas"/>
        <IsPartOfProject Value="True"/>
        <ComponentName Value="fmETKGUIEmuManager"/>
        <HasResources Value="True"/>
        <ResourceBaseClass Value="Frame"/>
      </Unit>
      <Unit>
        <Filename Value="..\EmutecaCore\Frames\ufEmutecaSoftEditor.pas"/>
        <IsPartOfProject Value="True"/>
        <ComponentName Value="fmEmutecaSoftEditor"/>
        <HasResources Value="True"/>
        <ResourceBaseClass Value="Frame"/>
      </Unit>
      <Unit>
        <Filename Value="Source\Frames\ufETKGUIFullEmuEditor.pas"/>
        <IsPartOfProject Value="True"/>
        <ComponentName Value="fmETKGUIFullEmuEditor"/>
        <HasResources Value="True"/>
        <ResourceBaseClass Value="Frame"/>
      </Unit>
      <Unit>
        <Filename Value="..\EmutecaCore\Frames\ufEmutecaEmulatorEditor.pas"/>
        <IsPartOfProject Value="True"/>
        <ComponentName Value="fmEmutecaEmulatorEditor"/>
        <HasResources Value="True"/>
        <ResourceBaseClass Value="Frame"/>
      </Unit>
      <Unit>
        <Filename Value="..\EmutecaCore\Frames\ufEmutecaActAddSoft.pas"/>
        <IsPartOfProject Value="True"/>
        <ComponentName Value="fmEmutecaActAddSoft"/>
        <HasResources Value="True"/>
        <ResourceBaseClass Value="Frame"/>
      </Unit>
      <Unit>
        <Filename Value="..\CHXPas\Abstract\uaCHXConfig.pas"/>
        <IsPartOfProject Value="True"/>
      </Unit>
      <Unit>
        <Filename Value="..\EmutecaCore\Frames\ufEmutecaActAddFolder.pas"/>
        <IsPartOfProject Value="True"/>
        <ComponentName Value="fmEmutecaActAddFolder"/>
        <HasResources Value="True"/>
        <ResourceBaseClass Value="Frame"/>
      </Unit>
      <Unit>
        <Filename Value="..\CHXPas\Units\uCHXDlgUtils.pas"/>
        <IsPartOfProject Value="True"/>
      </Unit>
      <Unit>
        <Filename Value="..\EmutecaCore\Classes\ucEmutecaSoftList.pas"/>
        <IsPartOfProject Value="True"/>
      </Unit>
      <Unit>
        <Filename Value="..\EmutecaCore\Classes\ucEmutecaSystemList.pas"/>
        <IsPartOfProject Value="True"/>
      </Unit>
      <Unit>
        <Filename Value="..\EmutecaCore\Classes\ucEmutecaGroupList.pas"/>
        <IsPartOfProject Value="True"/>
      </Unit>
      <Unit>
        <Filename Value="..\EmutecaCore\Classes\ucEmutecaEmulatorList.pas"/>
        <IsPartOfProject Value="True"/>
      </Unit>
      <Unit>
        <Filename Value="..\EmutecaCore\Abstracts\uaEmutecaCustomGroup.pas"/>
        <IsPartOfProject Value="True"/>
      </Unit>
      <Unit>
        <Filename Value="..\EmutecaCore\Abstracts\uaEmutecaCustomSoft.pas"/>
        <IsPartOfProject Value="True"/>
      </Unit>
      <Unit>
        <Filename Value="..\EmutecaCore\Abstracts\uaEmutecaCustomSystem.pas"/>
        <IsPartOfProject Value="True"/>
      </Unit>
      <Unit>
        <Filename Value="Source\Frames\ufETKGUIIcnSysCBX.pas"/>
        <IsPartOfProject Value="True"/>
        <ComponentName Value="fmETKGUIIcnSysCBX"/>
        <HasResources Value="True"/>
        <ResourceBaseClass Value="Frame"/>
      </Unit>
      <Unit>
        <Filename Value="..\CHXPas\Frames\ufCHXFrame.pas"/>
        <IsPartOfProject Value="True"/>
        <ComponentName Value="fmCHXFrame"/>
        <HasResources Value="True"/>
        <ResourceBaseClass Value="Frame"/>
      </Unit>
      <Unit>
        <Filename Value="..\CHXPas\Frames\ufCHXPropEditor.pas"/>
        <IsPartOfProject Value="True"/>
        <ComponentName Value="fmCHXPropEditor"/>
        <HasResources Value="True"/>
        <ResourceBaseClass Value="Frame"/>
      </Unit>
      <Unit>
        <Filename Value="..\EmutecaCore\Frames\ufEmutecaSoftTree.pas"/>
        <IsPartOfProject Value="True"/>
        <ComponentName Value="fmEmutecaSoftTree"/>
        <HasResources Value="True"/>
        <ResourceBaseClass Value="Frame"/>
      </Unit>
      <Unit>
        <Filename Value="Source\Frames\ufETKGUIIcnSoftTree.pas"/>
        <IsPartOfProject Value="True"/>
        <ComponentName Value="fmETKGUIIcnSoftTree"/>
        <HasResources Value="True"/>
        <ResourceBaseClass Value="Frame"/>
      </Unit>
      <Unit>
        <Filename Value="..\CHXPas\Frames\ufCHXTagTree.pas"/>
        <IsPartOfProject Value="True"/>
        <ComponentName Value="fmCHXTagTree"/>
        <HasResources Value="True"/>
        <ResourceBaseClass Value="Frame"/>
      </Unit>
      <Unit>
        <Filename Value="Source\Frames\ufETKGUISysPreview.pas"/>
        <IsPartOfProject Value="True"/>
        <ComponentName Value="fmETKGUISysPreview"/>
        <HasResources Value="True"/>
        <ResourceBaseClass Value="Frame"/>
      </Unit>
      <Unit>
        <Filename Value="..\CHXPas\Frames\ufCHXListPreview.pas"/>
        <IsPartOfProject Value="True"/>
        <ComponentName Value="fmCHXListPreview"/>
        <HasResources Value="True"/>
        <ResourceBaseClass Value="Frame"/>
      </Unit>
      <Unit>
        <Filename Value="..\CHXPas\Frames\ufCHXMultiFolderEditor.pas"/>
        <IsPartOfProject Value="True"/>
        <ComponentName Value="fmCHXMultiFolderEditor"/>
        <HasResources Value="True"/>
        <ResourceBaseClass Value="Frame"/>
      </Unit>
      <Unit>
        <Filename Value="..\EmutecaCore\Frames\ufEmutecaSystemMVFEditor.pas"/>
        <IsPartOfProject Value="True"/>
        <ComponentName Value="fmEmutecaSystemMVFEditor"/>
        <HasResources Value="True"/>
        <ResourceBaseClass Value="Frame"/>
      </Unit>
      <Unit>
        <Filename Value="Source\Frames\ufETKGUISoftMedia.pas"/>
        <IsPartOfProject Value="True"/>
        <ComponentName Value="fmETKGUISoftMedia"/>
        <HasResources Value="True"/>
        <ResourceBaseClass Value="Frame"/>
      </Unit>
      <Unit>
        <Filename Value="Source\Frames\ufETKGUIMain.pas"/>
        <IsPartOfProject Value="True"/>
        <ComponentName Value="fmETKGUIMain"/>
        <HasResources Value="True"/>
        <ResourceBaseClass Value="Frame"/>
      </Unit>
      <Unit>
        <Filename Value="Source\Units\uETKGUICommon.pas"/>
        <IsPartOfProject Value="True"/>
      </Unit>
      <Unit>
        <Filename Value="Source\Abstracts\uafETKGUISoftFoldersPreview.pas"/>
        <IsPartOfProject Value="True"/>
        <ComponentName Value="fmaETKGUISoftFoldersPreview"/>
        <HasResources Value="True"/>
        <ResourceBaseClass Value="Frame"/>
      </Unit>
      <Unit>
        <Filename Value="Source\Frames\ufETKGUISoftTxtPreview.pas"/>
        <IsPartOfProject Value="True"/>
        <ComponentName Value="fmETKGUISoftTxtPreview"/>
        <HasResources Value="True"/>
        <ResourceBaseClass Value="Frame"/>
      </Unit>
      <Unit>
        <Filename Value="..\CHXPas\Frames\ufCHXFileListPreview.pas"/>
        <IsPartOfProject Value="True"/>
        <ComponentName Value="fmCHXFileListPreview"/>
        <HasResources Value="True"/>
        <ResourceBaseClass Value="Frame"/>
      </Unit>
      <Unit>
        <Filename Value="..\CHXPas\Frames\ufCHXImgListPreview.pas"/>
        <IsPartOfProject Value="True"/>
        <ComponentName Value="fmCHXImgListPreview"/>
        <HasResources Value="True"/>
        <ResourceBaseClass Value="Frame"/>
      </Unit>
      <Unit>
        <Filename Value="..\CHXPas\Frames\ufCHXTxtListPreview.pas"/>
        <IsPartOfProject Value="True"/>
        <ComponentName Value="fmCHXTxtListPreview"/>
        <HasResources Value="True"/>
        <ResourceBaseClass Value="Frame"/>
      </Unit>
      <Unit>
        <Filename Value="Source\Frames\ufETKGUISoftImgPreview.pas"/>
        <IsPartOfProject Value="True"/>
        <ComponentName Value="fmETKGUISoftImgPreview"/>
        <HasResources Value="True"/>
        <ResourceBaseClass Value="Frame"/>
      </Unit>
      <Unit>
        <Filename Value="..\EmutecaCore\Frames\ufEmutecaSystemCBX.pas"/>
        <IsPartOfProject Value="True"/>
        <ComponentName Value="fmEmutecaSystemCBX"/>
        <HasResources Value="True"/>
        <ResourceBaseClass Value="Frame"/>
      </Unit>
      <Unit>
        <Filename Value="..\EmutecaCore\Frames\ufEmutecaSystemITFEditor.pas"/>
        <IsPartOfProject Value="True"/>
        <ComponentName Value="fmEmutecaSystemITFEditor"/>
        <HasResources Value="True"/>
        <ResourceBaseClass Value="Frame"/>
      </Unit>
      <Unit>
        <Filename Value="Source\Frames\ufETKGUIMediaManager.pas"/>
        <IsPartOfProject Value="True"/>
        <ComponentName Value="fmETKGUIMediaManager"/>
        <HasResources Value="True"/>
        <ResourceBaseClass Value="Frame"/>
      </Unit>
      <Unit>
        <Filename Value="..\EmutecaCore\Frames\ufEmutecaActExportSoftData.pas"/>
        <IsPartOfProject Value="True"/>
        <ComponentName Value="fmEmutecaActExportSoftData"/>
        <HasResources Value="True"/>
        <ResourceBaseClass Value="Frame"/>
      </Unit>
      <Unit>
        <Filename Value="..\EmutecaCore\Abstracts\uaEmutecaCustomManager.pas"/>
        <IsPartOfProject Value="True"/>
      </Unit>
      <Unit>
        <Filename Value="..\EmutecaCore\Frames\ufEmutecaActImportSoftData.pas"/>
        <IsPartOfProject Value="True"/>
        <ComponentName Value="fmEmutecaActImportSoftData"/>
        <HasResources Value="True"/>
        <ResourceBaseClass Value="Frame"/>
      </Unit>
      <Unit>
        <Filename Value="..\CHXPas\ScriptManager\ufCHXScriptManager.pas"/>
        <IsPartOfProject Value="True"/>
        <ComponentName Value="fmCHXScriptManager"/>
        <HasResources Value="True"/>
        <ResourceBaseClass Value="Frame"/>
      </Unit>
      <Unit>
        <Filename Value="Source\Frames\ufETKGUIScriptManager.pas"/>
        <IsPartOfProject Value="True"/>
        <ComponentName Value="fmETKGUIScriptManager"/>
        <HasResources Value="True"/>
        <ResourceBaseClass Value="Frame"/>
      </Unit>
      <Unit>
        <Filename Value="..\EmutecaCore\ScriptMng\uPSI_uaEmutecaCustomGroup.pas"/>
        <IsPartOfProject Value="True"/>
      </Unit>
      <Unit>
        <Filename Value="..\EmutecaCore\ScriptMng\uPSI_uaEmutecaCustomManager.pas"/>
        <IsPartOfProject Value="True"/>
      </Unit>
      <Unit>
        <Filename Value="..\EmutecaCore\ScriptMng\uPSI_uaEmutecaCustomSoft.pas"/>
        <IsPartOfProject Value="True"/>
      </Unit>
      <Unit>
        <Filename Value="..\EmutecaCore\ScriptMng\uPSI_uaEmutecaCustomSystem.pas"/>
        <IsPartOfProject Value="True"/>
      </Unit>
      <Unit>
        <Filename Value="..\EmutecaCore\ScriptMng\uPSI_ucEmuteca.pas"/>
        <IsPartOfProject Value="True"/>
      </Unit>
      <Unit>
        <Filename Value="..\EmutecaCore\ScriptMng\uPSI_ucEmutecaConfig.pas"/>
        <IsPartOfProject Value="True"/>
      </Unit>
      <Unit>
        <Filename Value="..\EmutecaCore\ScriptMng\uPSI_ucEmutecaEmulator.pas"/>
        <IsPartOfProject Value="True"/>
      </Unit>
      <Unit>
        <Filename Value="..\EmutecaCore\ScriptMng\uPSI_ucEmutecaEmulatorManager.pas"/>
        <IsPartOfProject Value="True"/>
      </Unit>
      <Unit>
        <Filename Value="..\EmutecaCore\ScriptMng\uPSI_ucEmutecaGroup.pas"/>
        <IsPartOfProject Value="True"/>
      </Unit>
      <Unit>
        <Filename Value="..\EmutecaCore\ScriptMng\uPSI_ucEmutecaGroupManager.pas"/>
        <IsPartOfProject Value="True"/>
      </Unit>
      <Unit>
        <Filename Value="..\EmutecaCore\ScriptMng\uPSI_ucEmutecaPlayingStats.pas"/>
        <IsPartOfProject Value="True"/>
      </Unit>
      <Unit>
        <Filename Value="..\EmutecaCore\ScriptMng\uPSI_ucEmutecaSoftManager.pas"/>
        <IsPartOfProject Value="True"/>
      </Unit>
      <Unit>
        <Filename Value="..\EmutecaCore\ScriptMng\uPSI_ucEmutecaSoftware.pas"/>
        <IsPartOfProject Value="True"/>
      </Unit>
      <Unit>
        <Filename Value="..\EmutecaCore\ScriptMng\uPSI_ucEmutecaSystem.pas"/>
        <IsPartOfProject Value="True"/>
      </Unit>
      <Unit>
        <Filename Value="..\EmutecaCore\ScriptMng\uPSI_ucEmutecaSystemManager.pas"/>
        <IsPartOfProject Value="True"/>
      </Unit>
      <Unit>
        <Filename Value="..\EmutecaCore\ScriptMng\uPSI_uEmutecaCommon.pas"/>
        <IsPartOfProject Value="True"/>
      </Unit>
      <Unit>
        <Filename Value="..\EmutecaCore\Frames\ufEmutecaGroupEditor.pas"/>
        <IsPartOfProject Value="True"/>
        <ComponentName Value="fmEmutecaGroupEditor"/>
        <HasResources Value="True"/>
        <ResourceBaseClass Value="Frame"/>
      </Unit>
      <Unit>
        <Filename Value="Source\Frames\ufETKGUIFullSoftEditor.pas"/>
        <IsPartOfProject Value="True"/>
        <ComponentName Value="fmETKGUIFullSoftEditor"/>
        <HasResources Value="True"/>
        <ResourceBaseClass Value="Frame"/>
      </Unit>
      <Unit>
        <Filename Value="..\EmutecaCore\Frames\ufEmutecaGroupCBX.pas"/>
        <IsPartOfProject Value="True"/>
        <ComponentName Value="fmEmutecaGroupCBX"/>
        <HasResources Value="True"/>
        <ResourceBaseClass Value="Frame"/>
      </Unit>
      <Unit>
        <Filename Value="..\CHXPas\ScriptManager\imports\uPSI_uCHXFileUtils.pas"/>
        <IsPartOfProject Value="True"/>
      </Unit>
      <Unit>
        <Filename Value="..\CHXPas\ScriptManager\imports\uPSI_uCHXStrUtils.pas"/>
        <IsPartOfProject Value="True"/>
      </Unit>
      <Unit>
        <Filename Value="..\CHXPas\ScriptManager\frames\ufSMAskMultiFile.pas"/>
        <IsPartOfProject Value="True"/>
        <ComponentName Value="fmSMAskMultiFile"/>
        <HasResources Value="True"/>
        <ResourceBaseClass Value="Frame"/>
      </Unit>
      <Unit>
        <Filename Value="..\CHXPas\Forms\ufrCHXForm.pas"/>
        <IsPartOfProject Value="True"/>
        <ComponentName Value="frmCHXForm"/>
        <HasResources Value="True"/>
        <ResourceBaseClass Value="Form"/>
      </Unit>
      <Unit>
        <Filename Value="Source\Threads\utETKGUICacheSysIcons.pas"/>
        <IsPartOfProject Value="True"/>
      </Unit>
      <Unit>
        <Filename Value="..\EmutecaCore\Threads\utEmutecaGetSoftSHA1.pas"/>
        <IsPartOfProject Value="True"/>
      </Unit>
      <Unit>
        <Filename Value="Source\Threads\utETKGUICacheGrpIcons.pas"/>
        <IsPartOfProject Value="True"/>
      </Unit>
      <Unit>
        <Filename Value="..\CHXPas\ScriptManager\imports\uPSI_FPCStrUtils.pas"/>
        <IsPartOfProject Value="True"/>
      </Unit>
      <Unit>
        <Filename Value="..\CHXPas\ScriptManager\imports\uPSI_CHXBasic.pas"/>
        <IsPartOfProject Value="True"/>
      </Unit>
      <Unit>
        <Filename Value="Source\Frames\ufETKGUIactMergeGroup.pas"/>
        <IsPartOfProject Value="True"/>
        <ComponentName Value="fmETKGUIactMergeGroup"/>
        <HasResources Value="True"/>
        <ResourceBaseClass Value="Frame"/>
      </Unit>
      <Unit>
        <Filename Value="Source\Threads\utETKGUICacheSoftIcons.pas"/>
        <IsPartOfProject Value="True"/>
      </Unit>
      <Unit>
        <Filename Value="..\EmutecaCore\Frames\ufEmutecaEmulatorCBX.pas"/>
        <IsPartOfProject Value="True"/>
        <ComponentName Value="fmEmutecaEmulatorCBX"/>
        <HasResources Value="True"/>
        <ResourceBaseClass Value="Frame"/>
      </Unit>
      <Unit>
        <Filename Value="..\CHXPas\Frames\ufCHXProgressBar.pas"/>
        <IsPartOfProject Value="True"/>
        <ComponentName Value="fmCHXProgressBar"/>
        <HasResources Value="True"/>
        <ResourceBaseClass Value="Frame"/>
      </Unit>
      <Unit>
        <Filename Value="..\CHXPas\Units\uCHX7zWrapper.pas"/>
        <IsPartOfProject Value="True"/>
      </Unit>
      <Unit>
        <Filename Value="Source\Forms\ufrETKGUIMain.pas"/>
        <IsPartOfProject Value="True"/>
        <ComponentName Value="frmETKGUIMain"/>
        <HasResources Value="True"/>
        <ResourceBaseClass Value="Form"/>
      </Unit>
      <Unit>
        <Filename Value="..\CHXPas\Units\uCHXImageUtils.pas"/>
        <IsPartOfProject Value="True"/>
      </Unit>
      <Unit>
        <Filename Value="..\CHXPas\Units\uCHXExecute.pas"/>
        <IsPartOfProject Value="True"/>
      </Unit>
      <Unit>
        <Filename Value="..\EmutecaCore\Units\uEmutecaRscStr.pas"/>
        <IsPartOfProject Value="True"/>
      </Unit>
      <Unit>
        <Filename Value="..\EmutecaCore\Units\uEmutecaConst.pas"/>
        <IsPartOfProject Value="True"/>
      </Unit>
      <Unit>
        <Filename Value="..\EmutecaCore\Abstracts\uaEmutecaCustomEmu.pas"/>
        <IsPartOfProject Value="True"/>
      </Unit>
      <Unit>
        <Filename Value="..\EmutecaCore\ScriptMng\uPSI_uEmutecaConst.pas"/>
        <IsPartOfProject Value="True"/>
      </Unit>
      <Unit>
        <Filename Value="..\EmutecaCore\ScriptMng\uPSI_uEmutecaRscStr.pas"/>
        <IsPartOfProject Value="True"/>
      </Unit>
      <Unit>
        <Filename Value="Source\Units\uETKGUIConst.pas"/>
        <IsPartOfProject Value="True"/>
      </Unit>
      <Unit>
        <Filename Value="Source\Units\uETKGUIRscStr.pas"/>
        <IsPartOfProject Value="True"/>
      </Unit>
      <Unit>
        <Filename Value="..\CHXPas\Units\uCHXConst.pas"/>
        <IsPartOfProject Value="True"/>
      </Unit>
      <Unit>
        <Filename Value="..\CHXPas\Units\uCHXRscStr.pas"/>
        <IsPartOfProject Value="True"/>
      </Unit>
      <Unit>
        <Filename Value="Source\Frames\ufETKGUIFullConfigEditor.pas"/>
        <IsPartOfProject Value="True"/>
        <ComponentName Value="fmETKGUIFullConfigEditor"/>
        <HasResources Value="True"/>
        <ResourceBaseClass Value="Frame"/>
      </Unit>
      <Unit>
        <Filename Value="..\EmutecaCore\Frames\ufEmutecaSoftImgPreview.pas"/>
        <IsPartOfProject Value="True"/>
        <ComponentName Value="fmEmutecaSoftImgPreview"/>
        <HasResources Value="True"/>
        <ResourceBaseClass Value="Frame"/>
      </Unit>
      <Unit>
        <Filename Value="..\EmutecaCore\Frames\ufEmutecaSoftTxtPreview.pas"/>
        <IsPartOfProject Value="True"/>
        <ComponentName Value="fmEmutecaSoftTxtPreview"/>
        <HasResources Value="True"/>
        <ResourceBaseClass Value="Frame"/>
      </Unit>
      <Unit>
        <Filename Value="..\CHXPas\Frames\ufCHXImgViewer.pas"/>
        <IsPartOfProject Value="True"/>
        <ComponentName Value="fmCHXImgViewer"/>
        <HasResources Value="True"/>
        <ResourceBaseClass Value="Frame"/>
      </Unit>
      <Unit>
        <Filename Value="Source\Classes\ucETKGUIItemCache.pas"/>
        <IsPartOfProject Value="True"/>
      </Unit>
      <Unit>
        <Filename Value="..\CHXPas\ScriptManager\imports\uPSI_uaCHXStorable.pas"/>
        <IsPartOfProject Value="True"/>
      </Unit>
      <Unit>
        <Filename Value="..\EmutecaCore\ScriptMng\uPSI_uaEmutecaCustomEmu.pas"/>
        <IsPartOfProject Value="True"/>
      </Unit>
      <Unit>
        <Filename Value="..\EmutecaCore\Frames\ufEmutecaEmulatorAdvParamsEditor.pas"/>
        <IsPartOfProject Value="True"/>
        <ComponentName Value="fmEmutecaEmulatorAdvParamsEditor"/>
        <HasResources Value="True"/>
        <ResourceBaseClass Value="Frame"/>
      </Unit>
      <Unit>
        <Filename Value="Source\Frames\ufETKGUIIcnEmuCBX.pas"/>
        <IsPartOfProject Value="True"/>
        <ComponentName Value="fmETKGUIIcnEmuCBX"/>
        <HasResources Value="True"/>
        <ResourceBaseClass Value="Frame"/>
      </Unit>
      <Unit>
        <Filename Value="Source\Threads\utETKGUICacheEmuIcons.pas"/>
        <IsPartOfProject Value="True"/>
      </Unit>
      <Unit>
        <Filename Value="..\CHXPas\Frames\ufCHXAbout.pas"/>
        <IsPartOfProject Value="True"/>
        <ComponentName Value="fmCHXAbout"/>
        <HasResources Value="True"/>
        <ResourceBaseClass Value="Frame"/>
      </Unit>
      <Unit>
        <Filename Value="Source\Frames\ufETKGUIAbout.pas"/>
        <IsPartOfProject Value="True"/>
        <ComponentName Value="fmETKGUIAbout"/>
        <HasResources Value="True"/>
        <ResourceBaseClass Value="Frame"/>
      </Unit>
      <Unit>
        <Filename Value="..\EmutecaCore\Frames\ufEmutecaTagTree.pas"/>
        <IsPartOfProject Value="True"/>
        <ComponentName Value="fmEmutecaTagTree"/>
        <HasResources Value="True"/>
        <ResourceBaseClass Value="Frame"/>
      </Unit>
      <Unit>
        <Filename Value="..\EmutecaCore\Classes\ucEmutecaTagsFile.pas"/>
        <IsPartOfProject Value="True"/>
      </Unit>
      <Unit>
        <Filename Value="..\CHXPas\Units\uCHXMenuUtils.pas"/>
        <IsPartOfProject Value="True"/>
      </Unit>
      <Unit>
        <Filename Value="..\CHXPas\ScriptManager\imports\uPSI_FPCFileUtil.pas"/>
        <IsPartOfProject Value="True"/>
      </Unit>
      <Unit>
        <Filename Value="..\CHXPas\ScriptManager\imports\uPSI_FPCLazUTF8.pas"/>
        <IsPartOfProject Value="True"/>
      </Unit>
      <Unit>
        <Filename Value="..\EmutecaCore\Threads\utEmutecaRunEmulator.pas"/>
        <IsPartOfProject Value="True"/>
      </Unit>
      <Unit>
        <Filename Value="..\EmutecaCore\Abstracts\uaEmutecaCustomSGItem.pas"/>
        <IsPartOfProject Value="True"/>
      </Unit>
      <Unit>
        <Filename Value="..\CHXPas\ScriptManager\imports\uPSI_FPCSysUtils.pas"/>
        <IsPartOfProject Value="True"/>
      </Unit>
      <Unit>
        <Filename Value="..\CHXPas\ScriptManager\frames\ufSMAskOption.pas"/>
        <IsPartOfProject Value="True"/>
        <ComponentName Value="fmSMAskOption"/>
        <HasResources Value="True"/>
        <ResourceBaseClass Value="Frame"/>
      </Unit>
      <Unit>
        <Filename Value="..\EmutecaCore\ScriptMng\uPSI_ucEmutecaSystemList.pas"/>
        <IsPartOfProject Value="True"/>
      </Unit>
      <Unit>
        <Filename Value="..\EmutecaCore\ScriptMng\uPSI_uaEmutecaCustomSGItem.pas"/>
        <IsPartOfProject Value="True"/>
      </Unit>
      <Unit>
        <Filename Value="..\EmutecaCore\ScriptMng\uPSI_ucEmutecaEmuList.pas"/>
        <IsPartOfProject Value="True"/>
      </Unit>
      <Unit>
        <Filename Value="..\EmutecaCore\ScriptMng\uPSI_ucEmutecaGroupList.pas"/>
        <IsPartOfProject Value="True"/>
      </Unit>
      <Unit>
        <Filename Value="..\EmutecaCore\ScriptMng\uPSI_ucEmutecaSoftList.pas"/>
        <IsPartOfProject Value="True"/>
      </Unit>
      <Unit>
        <Filename Value="Source\Units\ScriptMng\uPSI_uEmutecaGUIDialogs.pas"/>
        <IsPartOfProject Value="True"/>
      </Unit>
      <Unit>
        <Filename Value="..\CHXPas\ScriptManager\imports\uPSI_FPCDateUtils.pas"/>
        <IsPartOfProject Value="True"/>
      </Unit>
      <Unit>
        <Filename Value="Source\Units\ScriptMng\Frames\ufETKGUICompareSG.pas"/>
        <IsPartOfProject Value="True"/>
        <ComponentName Value="fmETKGUICompareSG"/>
        <HasResources Value="True"/>
        <ResourceBaseClass Value="Frame"/>
      </Unit>
      <Unit>
        <Filename Value="..\CHXPas\Units\uCHXVerInfo.pas"/>
        <IsPartOfProject Value="True"/>
      </Unit>
      <Unit>
        <Filename Value="..\EmutecaCore\Frames\ufEmutecaSystemOFEditor.pas"/>
        <IsPartOfProject Value="True"/>
        <ComponentName Value="fmEmutecaSystemOFEditor"/>
        <HasResources Value="True"/>
        <ResourceBaseClass Value="Frame"/>
      </Unit>
    </Units>
  </ProjectOptions>
  <CompilerOptions>
    <Version Value="11"/>
    <PathDelim Value="\"/>
    <Target>
      <Filename Value="..\bin\$(TargetCPU)-$(TargetOS)\EmutecaGUI"/>
    </Target>
    <SearchPaths>
      <IncludeFiles Value="$(ProjOutDir)"/>
      <OtherUnitFiles Value="..\CHXPas\Abstract;..\CHXPas\Classes;..\CHXPas\Forms;..\CHXPas\Frames;..\CHXPas\ScriptManager;..\CHXPas\ScriptManager\Frames;..\CHXPas\ScriptManager\Imports;..\CHXPas\Units;..\EmutecaCore;..\EmutecaCore\Abstracts;..\EmutecaCore\Classes;..\EmutecaCore\Frames;..\EmutecaCore\ScriptMng;..\EmutecaCore\Threads;..\EmutecaCore\Units;Source\Forms;Source\Threads;Source\Units;Source\Classes;Source\Frames;Source\Abstracts;Source\Units\ScriptMng;Source\Units\ScriptMng\Frames"/>
      <UnitOutputDirectory Value="..\lib\$(TargetCPU)-$(TargetOS)"/>
    </SearchPaths>
    <Parsing>
      <SyntaxOptions>
        <IncludeAssertionCode Value="True"/>
      </SyntaxOptions>
    </Parsing>
    <CodeGeneration>
      <Checks>
        <IOChecks Value="True"/>
        <RangeChecks Value="True"/>
        <OverflowChecks Value="True"/>
        <StackChecks Value="True"/>
      </Checks>
    </CodeGeneration>
    <Linking>
      <Debugging>
        <DebugInfoType Value="dsDwarf3"/>
        <UseHeaptrc Value="True"/>
        <UseExternalDbgSyms Value="True"/>
      </Debugging>
      <Options>
        <Win32>
          <GraphicApplication Value="True"/>
        </Win32>
      </Options>
    </Linking>
    <Other>
      <CompilerMessages>
        <IgnoredMessages idx6058="True" idx3124="True" idx3123="True"/>
      </CompilerMessages>
      <CustomOptions Value="-FcUTF8
-dPS_USESSUPPORT"/>
      <OtherDefines Count="1">
        <Define0 Value="PS_USESSUPPORT"/>
      </OtherDefines>
    </Other>
  </CompilerOptions>
  <Debugging>
    <Exceptions>
      <Item>
        <Name Value="EAbort"/>
      </Item>
      <Item>
        <Name Value="ECodetoolError"/>
      </Item>
      <Item>
        <Name Value="EFOpenError"/>
      </Item>
    </Exceptions>
  </Debugging>
</CONFIG>
